{
  "version": 4,
  "terraform_version": "1.12.0",
  "serial": 3,
  "lineage": "ce0d3425-9d72-591c-44c7-ca20bc4dec3f",
  "outputs": {
    "disk_id": {
      "value": "fhm9n0genqrjvjfo66at",
      "type": "string"
    },
    "vm_id": {
      "value": "fhmlf00ueq51cff809qg",
      "type": "string"
    },
    "vm_name": {
      "value": "vm-prod",
      "type": "string"
    },
    "vm_nat_ip": {
      "value": "",
      "type": "string"
    },
    "vm_private_ip": {
      "value": "10.128.0.5",
      "type": "string"
    }
  },
  "resources": [
    {
      "module": "module.vm",
      "mode": "managed",
      "type": "yandex_compute_disk",
      "name": "attached",
      "provider": "provider[\"registry.terraform.io/yandex-cloud/yandex\"]",
      "instances": [
        {
          "schema_version": 0,
          "attributes": {
            "allow_recreate": null,
            "block_size": 4096,
            "created_at": "2026-03-06T07:16:45Z",
            "description": "",
            "disk_placement_policy": [
              {
                "disk_placement_group_id": ""
              }
            ],
            "folder_id": "b1g7ac2sm6p1t8s4jnmj",
            "hardware_generation": [
              {
                "generation2_features": [],
                "legacy_features": [
                  {
                    "pci_topology": "PCI_TOPOLOGY_V1"
                  }
                ]
              }
            ],
            "id": "fhm9n0genqrjvjfo66at",
            "image_id": "",
            "kms_key_id": null,
            "labels": {
              "env": "prod",
              "role": "production"
            },
            "name": "vm-prod-disk",
            "product_ids": [],
            "size": 100,
            "snapshot_id": "",
            "status": "ready",
            "timeouts": null,
            "type": "network-ssd",
            "zone": "ru-central1-a"
          },
          "sensitive_attributes": [],
          "identity_schema_version": 0,
          "private": "eyJlMmJmYjczMC1lY2FhLTExZTYtOGY4OC0zNDM2M2JjN2M0YzAiOnsiY3JlYXRlIjozMDAwMDAwMDAwMDAsImRlbGV0ZSI6MzAwMDAwMDAwMDAwLCJ1cGRhdGUiOjMwMDAwMDAwMDAwMH19"
        }
      ]
    },
    {
      "module": "module.vm",
      "mode": "managed",
      "type": "yandex_compute_instance",
      "name": "vm",
      "provider": "provider[\"registry.terraform.io/yandex-cloud/yandex\"]",
      "instances": [
        {
          "schema_version": 1,
          "attributes": {
            "allow_recreate": null,
            "allow_stopping_for_update": null,
            "boot_disk": [
              {
                "auto_delete": true,
                "device_name": "fhmp40i7jkfdbo3n3eml",
                "disk_id": "fhmp40i7jkfdbo3n3eml",
                "initialize_params": [
                  {
                    "block_size": 4096,
                    "description": "",
                    "image_id": "fd8ccfejmpaipf677j5c",
                    "kms_key_id": "",
                    "name": "",
                    "size": 20,
                    "snapshot_id": "",
                    "type": "network-hdd"
                  }
                ],
                "mode": "READ_WRITE"
              }
            ],
            "created_at": "2026-03-06T07:16:55Z",
            "description": "",
            "filesystem": [],
            "folder_id": "b1g7ac2sm6p1t8s4jnmj",
            "fqdn": "fhmlf00ueq51cff809qg.auto.internal",
            "gpu_cluster_id": "",
            "hardware_generation": [
              {
                "generation2_features": [],
                "legacy_features": [
                  {
                    "pci_topology": "PCI_TOPOLOGY_V2"
                  }
                ]
              }
            ],
            "hostname": "",
            "id": "fhmlf00ueq51cff809qg",
            "labels": {
              "env": "prod",
              "role": "production"
            },
            "local_disk": [],
            "maintenance_grace_period": "",
            "maintenance_policy": null,
            "metadata": {
              "ssh-keys": "ubuntu:ssh-ed25519 AAAAC3NzaC1lZDI1NTE5AAAAIJzhpPIdMXfUzNm/zcQfJUfWPH4/u29gynFWK5ELbBVa d.i.saygin@yandex.ru"
            },
            "metadata_options": [
              {
                "aws_v1_http_endpoint": 1,
                "aws_v1_http_token": 2,
                "gce_http_endpoint": 1,
                "gce_http_token": 1
              }
            ],
            "name": "vm-prod",
            "network_acceleration_type": "standard",
            "network_interface": [
              {
                "dns_record": [],
                "index": 0,
                "ip_address": "10.128.0.5",
                "ipv4": true,
                "ipv6": false,
                "ipv6_address": "",
                "ipv6_dns_record": [],
                "mac_address": "d0:0d:15:78:01:e7",
                "nat": false,
                "nat_dns_record": [],
                "nat_ip_address": "",
                "nat_ip_version": "",
                "security_group_ids": null,
                "subnet_id": "e9bfnhd9h375eejhsof1"
              }
            ],
            "placement_policy": [
              {
                "host_affinity_rules": [],
                "placement_group_id": "",
                "placement_group_partition": 0
              }
            ],
            "platform_id": "standard-v3",
            "resources": [
              {
                "core_fraction": 100,
                "cores": 4,
                "gpus": 0,
                "memory": 8
              }
            ],
            "scheduling_policy": [
              {
                "preemptible": false
              }
            ],
            "secondary_disk": [
              {
                "auto_delete": false,
                "device_name": "fhm9n0genqrjvjfo66at",
                "disk_id": "fhm9n0genqrjvjfo66at",
                "mode": "READ_WRITE"
              }
            ],
            "service_account_id": "",
            "status": "running",
            "timeouts": null,
            "zone": "ru-central1-a"
          },
          "sensitive_attributes": [],
          "identity_schema_version": 0,
          "private": "eyJlMmJmYjczMC1lY2FhLTExZTYtOGY4OC0zNDM2M2JjN2M0YzAiOnsiY3JlYXRlIjozMDAwMDAwMDAwMDAsImRlbGV0ZSI6MzAwMDAwMDAwMDAwLCJ1cGRhdGUiOjMwMDAwMDAwMDAwMH0sInNjaGVtYV92ZXJzaW9uIjoiMSJ9",
          "dependencies": [
            "module.vm.yandex_compute_disk.attached"
          ]
        }
      ]
    }
  ],
  "check_results": null
}
